// !$*UTF8*$!
{
	archiveVersion = 1;
	classes = {
	};
	objectVersion = 55;
	objects = {

/* Begin PBXBuildFile section */
		CF407E7827C640750077E6F4 /* BreakUpTrackerApp.swift in Sources */ = {isa = PBXBuildFile; fileRef = CF407E7727C640750077E6F4 /* BreakUpTrackerApp.swift */; };
		CF407E7A27C640750077E6F4 /* ContentView.swift in Sources */ = {isa = PBXBuildFile; fileRef = CF407E7927C640750077E6F4 /* ContentView.swift */; };
		CF407E7C27C640770077E6F4 /* Assets.xcassets in Resources */ = {isa = PBXBuildFile; fileRef = CF407E7B27C640770077E6F4 /* Assets.xcassets */; };
		CF407E7F27C640770077E6F4 /* Preview Assets.xcassets in Resources */ = {isa = PBXBuildFile; fileRef = CF407E7E27C640770077E6F4 /* Preview Assets.xcassets */; };
		CF407E8627C64C0F0077E6F4 /* BreakUp.swift in Sources */ = {isa = PBXBuildFile; fileRef = CF407E8527C64C0F0077E6F4 /* BreakUp.swift */; };
		CF407E8827C64CF50077E6F4 /* BreakUps.swift in Sources */ = {isa = PBXBuildFile; fileRef = CF407E8727C64CF50077E6F4 /* BreakUps.swift */; };
		CF407E8A27C661FD0077E6F4 /* AddBreakUpView.swift in Sources */ = {isa = PBXBuildFile; fileRef = CF407E8927C661FD0077E6F4 /* AddBreakUpView.swift */; };
		CF407E8C27C66B110077E6F4 /* BreakUpDetailView.swift in Sources */ = {isa = PBXBuildFile; fileRef = CF407E8B27C66B110077E6F4 /* BreakUpDetailView.swift */; };
/* End PBXBuildFile section */

/* Begin PBXFileReference section */
		CF407E7427C640740077E6F4 /* BreakUpTracker.app */ = {isa = PBXFileReference; explicitFileType = wrapper.application; includeInIndex = 0; path = BreakUpTracker.app; sourceTree = BUILT_PRODUCTS_DIR; };
		CF407E7727C640750077E6F4 /* BreakUpTrackerApp.swift */ = {isa = PBXFileReference; lastKnownFileType = sourcecode.swift; path = BreakUpTrackerApp.swift; sourceTree = "<group>"; };
		CF407E7927C640750077E6F4 /* ContentView.swift */ = {isa = PBXFileReference; lastKnownFileType = sourcecode.swift; path = ContentView.swift; sourceTree = "<group>"; };
		CF407E7B27C640770077E6F4 /* Assets.xcassets */ = {isa = PBXFileReference; lastKnownFileType = folder.assetcatalog; path = Assets.xcassets; sourceTree = "<group>"; };
		CF407E7E27C640770077E6F4 /* Preview Assets.xcassets */ = {isa = PBXFileReference; lastKnownFileType = folder.assetcatalog; path = "Preview Assets.xcassets"; sourceTree = "<group>"; };
		CF407E8527C64C0F0077E6F4 /* BreakUp.swift */ = {isa = PBXFileReference; lastKnownFileType = sourcecode.swift; path = BreakUp.swift; sourceTree = "<group>"; };
		CF407E8727C64CF50077E6F4 /* BreakUps.swift */ = {isa = PBXFileReference; lastKnownFileType = sourcecode.swift; path = BreakUps.swift; sourceTree = "<group>"; };
		CF407E8927C661FD0077E6F4 /* AddBreakUpView.swift */ = {isa = PBXFileReference; lastKnownFileType = sourcecode.swift; path = AddBreakUpView.swift; sourceTree = "<group>"; };
		CF407E8B27C66B110077E6F4 /* BreakUpDetailView.swift */ = {isa = PBXFileReference; lastKnownFileType = sourcecode.swift; path = BreakUpDetailView.swift; sourceTree = "<group>"; };
/* End PBXFileReference section */

/* Begin PBXFrameworksBuildPhase section */
		CF407E7127C640740077E6F4 /* Frameworks */ = {
			isa = PBXFrameworksBuildPhase;
			buildActionMask = 2147483647;
			files = (
			);
			runOnlyForDeploymentPostprocessing = 0;
		};
/* End PBXFrameworksBuildPhase section */

/* Begin PBXGroup section */
		CF407E6B27C640740077E6F4 = {
			isa = PBXGroup;
			children = (
				CF407E7627C640740077E6F4 /* BreakUpTracker */,
				CF407E7527C640740077E6F4 /* Products */,
			);
			sourceTree = "<group>";
		};
		CF407E7527C640740077E6F4 /* Products */ = {
			isa = PBXGroup;
			children = (
				CF407E7427C640740077E6F4 /* BreakUpTracker.app */,
			);
			name = Products;
			sourceTree = "<group>";
		};
		CF407E7627C640740077E6F4 /* BreakUpTracker */ = {
			isa = PBXGroup;
			children = (
				CF407E7727C640750077E6F4 /* BreakUpTrackerApp.swift */,
				CF407E8527C64C0F0077E6F4 /* BreakUp.swift */,
				CF407E8727C64CF50077E6F4 /* BreakUps.swift */,
				CF407E8B27C66B110077E6F4 /* BreakUpDetailView.swift */,
				CF407E7927C640750077E6F4 /* ContentView.swift */,
				CF407E8927C661FD0077E6F4 /* AddBreakUpView.swift */,
				CF407E7B27C640770077E6F4 /* Assets.xcassets */,
				CF407E7D27C640770077E6F4 /* Preview Content */,
			);
			path = BreakUpTracker;
			sourceTree = "<group>";
		};
		CF407E7D27C640770077E6F4 /* Preview Content */ = {
			isa = PBXGroup;
			children = (
				CF407E7E27C640770077E6F4 /* Preview Assets.xcassets */,
			);
			path = "Preview Content";
			sourceTree = "<group>";
		};
/* End PBXGroup section */

/* Begin PBXNativeTarget section */
		CF407E7327C640740077E6F4 /* BreakUpTracker */ = {
			isa = PBXNativeTarget;
			buildConfigurationList = CF407E8227C640770077E6F4 /* Build configuration list for PBXNativeTarget "BreakUpTracker" */;
			buildPhases = (
				CF407E7027C640740077E6F4 /* Sources */,
				CF407E7127C640740077E6F4 /* Frameworks */,
				CF407E7227C640740077E6F4 /* Resources */,
			);
			buildRules = (
			);
			dependencies = (
			);
			name = BreakUpTracker;
			productName = BreakUpTracker;
			productReference = CF407E7427C640740077E6F4 /* BreakUpTracker.app */;
			productType = "com.apple.product-type.application";
		};
/* End PBXNativeTarget section */

/* Begin PBXProject section */
		CF407E6C27C640740077E6F4 /* Project object */ = {
			isa = PBXProject;
			attributes = {
				BuildIndependentTargetsInParallel = 1;
				LastSwiftUpdateCheck = 1320;
				LastUpgradeCheck = 1320;
				TargetAttributes = {
					CF407E7327C640740077E6F4 = {
						CreatedOnToolsVersion = 13.2.1;
					};
				};
			};
			buildConfigurationList = CF407E6F27C640740077E6F4 /* Build configuration list for PBXProject "BreakUpTracker" */;
			compatibilityVersion = "Xcode 13.0";
			developmentRegion = en;
			hasScannedForEncodings = 0;
			knownRegions = (
				en,
				Base,
			);
			mainGroup = CF407E6B27C640740077E6F4;
			productRefGroup = CF407E7527C640740077E6F4 /* Products */;
			projectDirPath = "";
			projectRoot = "";
			targets = (
				CF407E7327C640740077E6F4 /* BreakUpTracker */,
			);
		};
/* End PBXProject section */

/* Begin PBXResourcesBuildPhase section */
		CF407E7227C640740077E6F4 /* Resources */ = {
			isa = PBXResourcesBuildPhase;
			buildActionMask = 2147483647;
			files = (
				CF407E7F27C640770077E6F4 /* Preview Assets.xcassets in Resources */,
				CF407E7C27C640770077E6F4 /* Assets.xcassets in Resources */,
			);
			runOnlyForDeploymentPostprocessing = 0;
		};
/* End PBXResourcesBuildPhase section */

/* Begin PBXSourcesBuildPhase section */
		CF407E7027C640740077E6F4 /* Sources */ = {
			isa = PBXSourcesBuildPhase;
			buildActionMask = 2147483647;
			files = (
				CF407E8627C64C0F0077E6F4 /* BreakUp.swift in Sources */,
				CF407E8A27C661FD0077E6F4 /* AddBreakUpView.swift in Sources */,
				CF407E8C27C66B110077E6F4 /* BreakUpDetailView.swift in Sources */,
				CF407E7A27C640750077E6F4 /* ContentView.swift in Sources */,
				CF407E8827C64CF50077E6F4 /* BreakUps.swift in Sources */,
				CF407E7827C640750077E6F4 /* BreakUpTrackerApp.swift in Sources */,
			);
			runOnlyForDeploymentPostprocessing = 0;
		};
/* End PBXSourcesBuildPhase section */

/* Begin XCBuildConfiguration section */
		CF407E8027C640770077E6F4 /* Debug */ = {
			isa = XCBuildConfiguration;
			buildSettings = {
				ALWAYS_SEARCH_USER_PATHS = NO;
				CLANG_ANALYZER_NONNULL = YES;
				CLANG_ANALYZER_NUMBER_OBJECT_CONVERSION = YES_AGGRESSIVE;
				CLANG_CXX_LANGUAGE_STANDARD = "gnu++17";
				CLANG_CXX_LIBRARY = "libc++";
				CLANG_ENABLE_MODULES = YES;
				CLANG_ENABLE_OBJC_ARC = YES;
				CLANG_ENABLE_OBJC_WEAK = YES;
				CLANG_WARN_BLOCK_CAPTURE_AUTORELEASING = YES;
				CLANG_WARN_BOOL_CONVERSION = YES;
				CLANG_WARN_COMMA = YES;
				CLANG_WARN_CONSTANT_CONVERSION = YES;
				CLANG_WARN_DEPRECATED_OBJC_IMPLEMENTATIONS = YES;
				CLANG_WARN_DIRECT_OBJC_ISA_USAGE = YES_ERROR;
				CLANG_WARN_DOCUMENTATION_COMMENTS = YES;
				CLANG_WARN_EMPTY_BODY = YES;
				CLANG_WARN_ENUM_CONVERSION = YES;
				CLANG_WARN_INFINITE_RECURSION = YES;
				CLANG_WARN_INT_CONVERSION = YES;
				CLANG_WARN_NON_LITERAL_NULL_CONVERSION = YES;
				CLANG_WARN_OBJC_IMPLICIT_RETAIN_SELF = YES;
				CLANG_WARN_OBJC_LITERAL_CONVERSION = YES;
				CLANG_WARN_OBJC_ROOT_CLASS = YES_ERROR;
				CLANG_WARN_QUOTED_INCLUDE_IN_FRAMEWORK_HEADER = YES;
				CLANG_WARN_RANGE_LOOP_ANALYSIS = YES;
				CLANG_WARN_STRICT_PROTOTYPES = YES;
				CLANG_WARN_SUSPICIOUS_MOVE = YES;
				CLANG_WARN_UNGUARDED_AVAILABILITY = YES_AGGRESSIVE;
				CLANG_WARN_UNREACHABLE_CODE = YES;
				CLANG_WARN__DUPLICATE_METHOD_MATCH = YES;
				COPY_PHASE_STRIP = NO;
				DEBUG_INFORMATION_FORMAT = dwarf;
				ENABLE_STRICT_OBJC_MSGSEND = YES;
				ENABLE_TESTABILITY = YES;
				GCC_C_LANGUAGE_STANDARD = gnu11;
				GCC_DYNAMIC_NO_PIC = NO;
				GCC_NO_COMMON_BLOCKS = YES;
				GCC_OPTIMIZATION_LEVEL = 0;
				GCC_PREPROCESSOR_DEFINITIONS = (
					"DEBUG=1",
					"$(inherited)",
				);
				GCC_WARN_64_TO_32_BIT_CONVERSION = YES;
				GCC_WARN_ABOUT_RETURN_TYPE = YES_ERROR;
				GCC_WARN_UNDECLARED_SELECTOR = YES;
				GCC_WARN_UNINITIALIZED_AUTOS = YES_AGGRESSIVE;
				GCC_WARN_UNUSED_FUNCTION = YES;
				GCC_WARN_UNUSED_VARIABLE = YES;
				IPHONEOS_DEPLOYMENT_TARGET = 15.2;
				MTL_ENABLE_DEBUG_INFO = INCLUDE_SOURCE;
				MTL_FAST_MATH = YES;
				ONLY_ACTIVE_ARCH = YES;
				SDKROOT = iphoneos;
				SWIFT_ACTIVE_COMPILATION_CONDITIONS = DEBUG;
				SWIFT_OPTIMIZATION_LEVEL = "-Onone";
			};
			name = Debug;
		};
		CF407E8127C640770077E6F4 /* Release */ = {
			isa = XCBuildConfiguration;
			buildSettings = {
				ALWAYS_SEARCH_USER_PATHS = NO;
				CLANG_ANALYZER_NONNULL = YES;
				CLANG_ANALYZER_NUMBER_OBJECT_CONVERSION = YES_AGGRESSIVE;
				CLANG_CXX_LANGUAGE_STANDARD = "gnu++17";
				CLANG_CXX_LIBRARY = "libc++";
				CLANG_ENABLE_MODULES = YES;
				CLANG_ENABLE_OBJC_ARC = YES;
				CLANG_ENABLE_OBJC_WEAK = YES;
				CLANG_WARN_BLOCK_CAPTURE_AUTORELEASING = YES;
				CLANG_WARN_BOOL_CONVERSION = YES;
				CLANG_WARN_COMMA = YES;
				CLANG_WARN_CONSTANT_CONVERSION = YES;
				CLANG_WARN_DEPRECATED_OBJC_IMPLEMENTATIONS = YES;
				CLANG_WARN_DIRECT_OBJC_ISA_USAGE = YES_ERROR;
				CLANG_WARN_DOCUMENTATION_COMMENTS = YES;
				CLANG_WARN_EMPTY_BODY = YES;
				CLANG_WARN_ENUM_CONVERSION = YES;
				CLANG_WARN_INFINITE_RECURSION = YES;
				CLANG_WARN_INT_CONVERSION = YES;
				CLANG_WARN_NON_LITERAL_NULL_CONVERSION = YES;
				CLANG_WARN_OBJC_IMPLICIT_RETAIN_SELF = YES;
				CLANG_WARN_OBJC_LITERAL_CONVERSION = YES;
				CLANG_WARN_OBJC_ROOT_CLASS = YES_ERROR;
				CLANG_WARN_QUOTED_INCLUDE_IN_FRAMEWORK_HEADER = YES;
				CLANG_WARN_RANGE_LOOP_ANALYSIS = YES;
				CLANG_WARN_STRICT_PROTOTYPES = YES;
				CLANG_WARN_SUSPICIOUS_MOVE = YES;
				CLANG_WARN_UNGUARDED_AVAILABILITY = YES_AGGRESSIVE;
				CLANG_WARN_UNREACHABLE_CODE = YES;
				CLANG_WARN__DUPLICATE_METHOD_MATCH = YES;
				COPY_PHASE_STRIP = NO;
				DEBUG_INFORMATION_FORMAT = "dwarf-with-dsym";
				ENABLE_NS_ASSERTIONS = NO;
				ENABLE_STRICT_OBJC_MSGSEND = YES;
				GCC_C_LANGUAGE_STANDARD = gnu11;
				GCC_NO_COMMON_BLOCKS = YES;
				GCC_WARN_64_TO_32_BIT_CONVERSION = YES;
				GCC_WARN_ABOUT_RETURN_TYPE = YES_ERROR;
				GCC_WARN_UNDECLARED_SELECTOR = YES;
				GCC_WARN_UNINITIALIZED_AUTOS = YES_AGGRESSIVE;
				GCC_WARN_UNUSED_FUNCTION = YES;
				GCC_WARN_UNUSED_VARIABLE = YES;
				IPHONEOS_DEPLOYMENT_TARGET = 15.2;
				MTL_ENABLE_DEBUG_INFO = NO;
				MTL_FAST_MATH = YES;
				SDKROOT = iphoneos;
				SWIFT_COMPILATION_MODE = wholemodule;
				SWIFT_OPTIMIZATION_LEVEL = "-O";
				VALIDATE_PRODUCT = YES;
			};
			name = Release;
		};
		CF407E8327C640770077E6F4 /* Debug */ = {
			isa = XCBuildConfiguration;
			buildSettings = {
				ASSETCATALOG_COMPILER_APPICON_NAME = AppIcon;
				ASSETCATALOG_COMPILER_GLOBAL_ACCENT_COLOR_NAME = AccentColor;
				CODE_SIGN_STYLE = Automatic;
				CURRENT_PROJECT_VERSION = 1;
				DEVELOPMENT_ASSET_PATHS = "\"BreakUpTracker/Preview Content\"";
				ENABLE_PREVIEWS = YES;
				GENERATE_INFOPLIST_FILE = YES;
				INFOPLIST_KEY_UIApplicationSceneManifest_Generation = YES;
				INFOPLIST_KEY_UIApplicationSupportsIndirectInputEvents = YES;
				INFOPLIST_KEY_UILaunchScreen_Generation = YES;
				INFOPLIST_KEY_UISupportedInterfaceOrientations_iPad = "UIInterfaceOrientationPortrait UIInterfaceOrientationPortraitUpsideDown UIInterfaceOrientationLandscapeLeft UIInterfaceOrientationLandscapeRight";
				INFOPLIST_KEY_UISupportedInterfaceOrientations_iPhone = "UIInterfaceOrientationPortrait UIInterfaceOrientationLandscapeLeft UIInterfaceOrientationLandscapeRight";
				IPHONEOS_DEPLOYMENT_TARGET = 15.0;
				LD_RUNPATH_SEARCH_PATHS = (
					"$(inherited)",
					"@executable_path/Frameworks",
				);
				MARKETING_VERSION = 1.0;
				PRODUCT_BUNDLE_IDENTIFIER = com.iiqrah.BreakUpTracker;
				PRODUCT_NAME = "$(TARGET_NAME)";
				SWIFT_EMIT_LOC_STRINGS = YES;
				SWIFT_VERSION = 5.0;
				TARGETED_DEVICE_FAMILY = "1,2";
			};
			name = Debug;
		};
		CF407E8427C640770077E6F4 /* Release */ = {
			isa = XCBuildConfiguration;
			buildSettings = {
				ASSETCATALOG_COMPILER_APPICON_NAME = AppIcon;
				ASSETCATALOG_COMPILER_GLOBAL_ACCENT_COLOR_NAME = AccentColor;
				CODE_SIGN_STYLE = Automatic;
				CURRENT_PROJECT_VERSION = 1;
				DEVELOPMENT_ASSET_PATHS = "\"BreakUpTracker/Preview Content\"";
				ENABLE_PREVIEWS = YES;
				GENERATE_INFOPLIST_FILE = YES;
				INFOPLIST_KEY_UIApplicationSceneManifest_Generation = YES;
				INFOPLIST_KEY_UIApplicationSupportsIndirectInputEvents = YES;
				INFOPLIST_KEY_UILaunchScreen_Generation = YES;
				INFOPLIST_KEY_UISupportedInterfaceOrientations_iPad = "UIInterfaceOrientationPortrait UIInterfaceOrientationPortraitUpsideDown UIInterfaceOrientationLandscapeLeft UIInterfaceOrientationLandscapeRight";
				INFOPLIST_KEY_UISupportedInterfaceOrientations_iPhone = "UIInterfaceOrientationPortrait UIInterfaceOrientationLandscapeLeft UIInterfaceOrientationLandscapeRight";
				IPHONEOS_DEPLOYMENT_TARGET = 15.0;
				LD_RUNPATH_SEARCH_PATHS = (
					"$(inherited)",
					"@executable_path/Frameworks",
				);
				MARKETING_VERSION = 1.0;
				PRODUCT_BUNDLE_IDENTIFIER = com.iiqrah.BreakUpTracker;
				PRODUCT_NAME = "$(TARGET_NAME)";
				SWIFT_EMIT_LOC_STRINGS = YES;
				SWIFT_VERSION = 5.0;
				TARGETED_DEVICE_FAMILY = "1,2";
			};
			name = Release;
		};
/* End XCBuildConfiguration section */

/* Begin XCConfigurationList section */
		CF407E6F27C640740077E6F4 /* Build configuration list for PBXProject "BreakUpTracker" */ = {
			isa = XCConfigurationList;
			buildConfigurations = (
				CF407E8027C640770077E6F4 /* Debug */,
				CF407E8127C640770077E6F4 /* Release */,
			);
			defaultConfigurationIsVisible = 0;
			defaultConfigurationName = Release;
		};
		CF407E8227C640770077E6F4 /* Build configuration list for PBXNativeTarget "BreakUpTracker" */ = {
			isa = XCConfigurationList;
			buildConfigurations = (
				CF407E8327C640770077E6F4 /* Debug */,
				CF407E8427C640770077E6F4 /* Release */,
			);
			defaultConfigurationIsVisible = 0;
			defaultConfigurationName = Release;
		};
/* End XCConfigurationList section */
	};
	rootObject = CF407E6C27C640740077E6F4 /* Project object */;
}
